
Microsoft Visual Studio Solution File, Format Version 12.00
# Visual Studio Version 17
VisualStudioVersion = 17.5.33627.172
MinimumVisualStudioVersion = 10.0.40219.1
Project("{9A19103F-16F7-4668-BE54-9A1E7A4F7556}") = "StackControlConsole", "CoolSymbols\StackControlConsole.csproj", "{ED2AE4A9-496D-44F3-9BEB-2B843B231009}"
EndProject
Project("{9A19103F-16F7-4668-BE54-9A1E7A4F7556}") = "StackControle", "CoolSymbolsCore\StackControle.csproj", "{163D32BA-9D74-4B90-882F-CED5708BECA6}"
EndProject
Project("{FAE04EC0-301F-11D3-BF4B-00C04F79EFBC}") = "StackControlVK", "BSBot\StackControlVK.csproj", "{4786933F-CF57-433B-8703-1A6FE8149B75}"
EndProject
Global
	GlobalSection(SolutionConfigurationPlatforms) = preSolution
		Debug|Any CPU = Debug|Any CPU
		Release|Any CPU = Release|Any CPU
	EndGlobalSection
	GlobalSection(ProjectConfigurationPlatforms) = postSolution
		{ED2AE4A9-496D-44F3-9BEB-2B843B231009}.Debug|Any CPU.ActiveCfg = Debug|Any CPU
		{ED2AE4A9-496D-44F3-9BEB-2B843B231009}.Debug|Any CPU.Build.0 = Debug|Any CPU
		{ED2AE4A9-496D-44F3-9BEB-2B843B231009}.Release|Any CPU.ActiveCfg = Release|Any CPU
		{ED2AE4A9-496D-44F3-9BEB-2B843B231009}.Release|Any CPU.Build.0 = Release|Any CPU
		{163D32BA-9D74-4B90-882F-CED5708BECA6}.Debug|Any CPU.ActiveCfg = Debug|Any CPU
		{163D32BA-9D74-4B90-882F-CED5708BECA6}.Debug|Any CPU.Build.0 = Debug|Any CPU
		{163D32BA-9D74-4B90-882F-CED5708BECA6}.Release|Any CPU.ActiveCfg = Release|Any CPU
		{163D32BA-9D74-4B90-882F-CED5708BECA6}.Release|Any CPU.Build.0 = Release|Any CPU
		{4786933F-CF57-433B-8703-1A6FE8149B75}.Debug|Any CPU.ActiveCfg = Debug|Any CPU
		{4786933F-CF57-433B-8703-1A6FE8149B75}.Debug|Any CPU.Build.0 = Debug|Any CPU
		{4786933F-CF57-433B-8703-1A6FE8149B75}.Release|Any CPU.ActiveCfg = Release|Any CPU
		{4786933F-CF57-433B-8703-1A6FE8149B75}.Release|Any CPU.Build.0 = Release|Any CPU
	EndGlobalSection
	GlobalSection(SolutionProperties) = preSolution
		HideSolutionNode = FALSE
	EndGlobalSection
	GlobalSection(ExtensibilityGlobals) = postSolution
		SolutionGuid = {0C948D51-DBDE-416E-9DCC-95AB68C49CC3}
	EndGlobalSection
EndGlobal
